
Microsoft Visual Studio Solution File, Format Version 12.00
# Visual Studio Version 16
VisualStudioVersion = 16.0.30621.155
MinimumVisualStudioVersion = 10.0.40219.1
Project("{FAE04EC0-301F-11D3-BF4B-00C04F79EFBC}") = "Clinics Management System", "Clinics Management System\Clinics Management System.csproj", "{2D37D760-CEA3-450F-B917-EBAEAE1A80CA}"
EndProject
Global
	GlobalSection(SolutionConfigurationPlatforms) = preSolution
		Debug|Any CPU = Debug|Any CPU
		Release|Any CPU = Release|Any CPU
	EndGlobalSection
	GlobalSection(ProjectConfigurationPlatforms) = postSolution
		{2D37D760-CEA3-450F-B917-EBAEAE1A80CA}.Debug|Any CPU.ActiveCfg = Debug|Any CPU
		{2D37D760-CEA3-450F-B917-EBAEAE1A80CA}.Debug|Any CPU.Build.0 = Debug|Any CPU
		{2D37D760-CEA3-450F-B917-EBAEAE1A80CA}.Release|Any CPU.ActiveCfg = Release|Any CPU
		{2D37D760-CEA3-450F-B917-EBAEAE1A80CA}.Release|Any CPU.Build.0 = Release|Any CPU
	EndGlobalSection
	GlobalSection(SolutionProperties) = preSolution
		HideSolutionNode = FALSE
	EndGlobalSection
	GlobalSection(ExtensibilityGlobals) = postSolution
		SolutionGuid = {EC132BA5-1972-4A50-A7CC-2E17C923F9F2}
	EndGlobalSection
EndGlobal
